// !$*UTF8*$!
{
	archiveVersion = 1;
	classes = {
	};
	objectVersion = 50;
	objects = {

/* Begin PBXBuildFile section */
		1A52172E23A4BB6900083664 /* demo.txt in Resources */ = {isa = PBXBuildFile; fileRef = 1A52172D23A4BB6900083664 /* demo.txt */; };
		1A93C8F623A6346500BD059E /* StringComponents.swift in Sources */ = {isa = PBXBuildFile; fileRef = 1A93C8F523A6346500BD059E /* StringComponents.swift */; };
		1AEF1AAE23A3C5AA001B7FEF /* AppDelegate.swift in Sources */ = {isa = PBXBuildFile; fileRef = 1AEF1AAD23A3C5AA001B7FEF /* AppDelegate.swift */; };
		1AEF1AB023A3C5AA001B7FEF /* ViewController.swift in Sources */ = {isa = PBXBuildFile; fileRef = 1AEF1AAF23A3C5AA001B7FEF /* ViewController.swift */; };
		1AEF1AB323A3C5AA001B7FEF /* Main.storyboard in Resources */ = {isa = PBXBuildFile; fileRef = 1AEF1AB123A3C5AA001B7FEF /* Main.storyboard */; };
		1AEF1AB523A3C5AB001B7FEF /* Assets.xcassets in Resources */ = {isa = PBXBuildFile; fileRef = 1AEF1AB423A3C5AB001B7FEF /* Assets.xcassets */; };
		1AEF1AB823A3C5AB001B7FEF /* LaunchScreen.storyboard in Resources */ = {isa = PBXBuildFile; fileRef = 1AEF1AB623A3C5AB001B7FEF /* LaunchScreen.storyboard */; };
		1AEF1AC323A3C5AB001B7FEF /* ChineseTextFlowLayoutTests.swift in Sources */ = {isa = PBXBuildFile; fileRef = 1AEF1AC223A3C5AB001B7FEF /* ChineseTextFlowLayoutTests.swift */; };
		1AEF1ACE23A3C5AB001B7FEF /* ChineseTextFlowLayoutUITests.swift in Sources */ = {isa = PBXBuildFile; fileRef = 1AEF1ACD23A3C5AB001B7FEF /* ChineseTextFlowLayoutUITests.swift */; };
		1AEF1ADC23A3C608001B7FEF /* ChineseTextFlowLayout.swift in Sources */ = {isa = PBXBuildFile; fileRef = 1AEF1ADB23A3C608001B7FEF /* ChineseTextFlowLayout.swift */; };
		1AEF1ADE23A3C67A001B7FEF /* LayoutNode.swift in Sources */ = {isa = PBXBuildFile; fileRef = 1AEF1ADD23A3C67A001B7FEF /* LayoutNode.swift */; };
/* End PBXBuildFile section */

/* Begin PBXContainerItemProxy section */
		1AEF1ABF23A3C5AB001B7FEF /* PBXContainerItemProxy */ = {
			isa = PBXContainerItemProxy;
			containerPortal = 1AEF1AA223A3C5A9001B7FEF /* Project object */;
			proxyType = 1;
			remoteGlobalIDString = 1AEF1AA923A3C5AA001B7FEF;
			remoteInfo = ChineseTextFlowLayout;
		};
		1AEF1ACA23A3C5AB001B7FEF /* PBXContainerItemProxy */ = {
			isa = PBXContainerItemProxy;
			containerPortal = 1AEF1AA223A3C5A9001B7FEF /* Project object */;
			proxyType = 1;
			remoteGlobalIDString = 1AEF1AA923A3C5AA001B7FEF;
			remoteInfo = ChineseTextFlowLayout;
		};
/* End PBXContainerItemProxy section */

/* Begin PBXFileReference section */
		1A52172D23A4BB6900083664 /* demo.txt */ = {isa = PBXFileReference; lastKnownFileType = text; path = demo.txt; sourceTree = "<group>"; };
		1A93C8F523A6346500BD059E /* StringComponents.swift */ = {isa = PBXFileReference; lastKnownFileType = sourcecode.swift; path = StringComponents.swift; sourceTree = "<group>"; };
		1AEF1AAA23A3C5AA001B7FEF /* ChineseTextFlowLayout.app */ = {isa = PBXFileReference; explicitFileType = wrapper.application; includeInIndex = 0; path = ChineseTextFlowLayout.app; sourceTree = BUILT_PRODUCTS_DIR; };
		1AEF1AAD23A3C5AA001B7FEF /* AppDelegate.swift */ = {isa = PBXFileReference; lastKnownFileType = sourcecode.swift; path = AppDelegate.swift; sourceTree = "<group>"; };
		1AEF1AAF23A3C5AA001B7FEF /* ViewController.swift */ = {isa = PBXFileReference; lastKnownFileType = sourcecode.swift; path = ViewController.swift; sourceTree = "<group>"; };
		1AEF1AB223A3C5AA001B7FEF /* Base */ = {isa = PBXFileReference; lastKnownFileType = file.storyboard; name = Base; path = Base.lproj/Main.storyboard; sourceTree = "<group>"; };
		1AEF1AB423A3C5AB001B7FEF /* Assets.xcassets */ = {isa = PBXFileReference; lastKnownFileType = folder.assetcatalog; path = Assets.xcassets; sourceTree = "<group>"; };
		1AEF1AB723A3C5AB001B7FEF /* Base */ = {isa = PBXFileReference; lastKnownFileType = file.storyboard; name = Base; path = Base.lproj/LaunchScreen.storyboard; sourceTree = "<group>"; };
		1AEF1AB923A3C5AB001B7FEF /* Info.plist */ = {isa = PBXFileReference; lastKnownFileType = text.plist.xml; path = Info.plist; sourceTree = "<group>"; };
		1AEF1ABE23A3C5AB001B7FEF /* ChineseTextFlowLayoutTests.xctest */ = {isa = PBXFileReference; explicitFileType = wrapper.cfbundle; includeInIndex = 0; path = ChineseTextFlowLayoutTests.xctest; sourceTree = BUILT_PRODUCTS_DIR; };
		1AEF1AC223A3C5AB001B7FEF /* ChineseTextFlowLayoutTests.swift */ = {isa = PBXFileReference; lastKnownFileType = sourcecode.swift; path = ChineseTextFlowLayoutTests.swift; sourceTree = "<group>"; };
		1AEF1AC423A3C5AB001B7FEF /* Info.plist */ = {isa = PBXFileReference; lastKnownFileType = text.plist.xml; path = Info.plist; sourceTree = "<group>"; };
		1AEF1AC923A3C5AB001B7FEF /* ChineseTextFlowLayoutUITests.xctest */ = {isa = PBXFileReference; explicitFileType = wrapper.cfbundle; includeInIndex = 0; path = ChineseTextFlowLayoutUITests.xctest; sourceTree = BUILT_PRODUCTS_DIR; };
		1AEF1ACD23A3C5AB001B7FEF /* ChineseTextFlowLayoutUITests.swift */ = {isa = PBXFileReference; lastKnownFileType = sourcecode.swift; path = ChineseTextFlowLayoutUITests.swift; sourceTree = "<group>"; };
		1AEF1ACF23A3C5AB001B7FEF /* Info.plist */ = {isa = PBXFileReference; lastKnownFileType = text.plist.xml; path = Info.plist; sourceTree = "<group>"; };
		1AEF1ADB23A3C608001B7FEF /* ChineseTextFlowLayout.swift */ = {isa = PBXFileReference; lastKnownFileType = sourcecode.swift; path = ChineseTextFlowLayout.swift; sourceTree = "<group>"; };
		1AEF1ADD23A3C67A001B7FEF /* LayoutNode.swift */ = {isa = PBXFileReference; lastKnownFileType = sourcecode.swift; path = LayoutNode.swift; sourceTree = "<group>"; };
/* End PBXFileReference section */

/* Begin PBXFrameworksBuildPhase section */
		1AEF1AA723A3C5AA001B7FEF /* Frameworks */ = {
			isa = PBXFrameworksBuildPhase;
			buildActionMask = 2147483647;
			files = (
			);
			runOnlyForDeploymentPostprocessing = 0;
		};
		1AEF1ABB23A3C5AB001B7FEF /* Frameworks */ = {
			isa = PBXFrameworksBuildPhase;
			buildActionMask = 2147483647;
			files = (
			);
			runOnlyForDeploymentPostprocessing = 0;
		};
		1AEF1AC623A3C5AB001B7FEF /* Frameworks */ = {
			isa = PBXFrameworksBuildPhase;
			buildActionMask = 2147483647;
			files = (
			);
			runOnlyForDeploymentPostprocessing = 0;
		};
/* End PBXFrameworksBuildPhase section */

/* Begin PBXGroup section */
		1AEF1AA123A3C5A9001B7FEF = {
			isa = PBXGroup;
			children = (
				1AEF1AAC23A3C5AA001B7FEF /* ChineseTextFlowLayout */,
				1AEF1AC123A3C5AB001B7FEF /* ChineseTextFlowLayoutTests */,
				1AEF1ACC23A3C5AB001B7FEF /* ChineseTextFlowLayoutUITests */,
				1AEF1AAB23A3C5AA001B7FEF /* Products */,
			);
			sourceTree = "<group>";
		};
		1AEF1AAB23A3C5AA001B7FEF /* Products */ = {
			isa = PBXGroup;
			children = (
				1AEF1AAA23A3C5AA001B7FEF /* ChineseTextFlowLayout.app */,
				1AEF1ABE23A3C5AB001B7FEF /* ChineseTextFlowLayoutTests.xctest */,
				1AEF1AC923A3C5AB001B7FEF /* ChineseTextFlowLayoutUITests.xctest */,
			);
			name = Products;
			sourceTree = "<group>";
		};
		1AEF1AAC23A3C5AA001B7FEF /* ChineseTextFlowLayout */ = {
			isa = PBXGroup;
			children = (
				1AEF1AAD23A3C5AA001B7FEF /* AppDelegate.swift */,
				1AEF1AAF23A3C5AA001B7FEF /* ViewController.swift */,
				1AEF1ADB23A3C608001B7FEF /* ChineseTextFlowLayout.swift */,
				1AEF1ADD23A3C67A001B7FEF /* LayoutNode.swift */,
				1A93C8F523A6346500BD059E /* StringComponents.swift */,
				1AEF1AB123A3C5AA001B7FEF /* Main.storyboard */,
				1AEF1AB423A3C5AB001B7FEF /* Assets.xcassets */,
				1AEF1AB623A3C5AB001B7FEF /* LaunchScreen.storyboard */,
				1AEF1AB923A3C5AB001B7FEF /* Info.plist */,
				1A52172D23A4BB6900083664 /* demo.txt */,
			);
			path = ChineseTextFlowLayout;
			sourceTree = "<group>";
		};
		1AEF1AC123A3C5AB001B7FEF /* ChineseTextFlowLayoutTests */ = {
			isa = PBXGroup;
			children = (
				1AEF1AC223A3C5AB001B7FEF /* ChineseTextFlowLayoutTests.swift */,
				1AEF1AC423A3C5AB001B7FEF /* Info.plist */,
			);
			path = ChineseTextFlowLayoutTests;
			sourceTree = "<group>";
		};
		1AEF1ACC23A3C5AB001B7FEF /* ChineseTextFlowLayoutUITests */ = {
			isa = PBXGroup;
			children = (
				1AEF1ACD23A3C5AB001B7FEF /* ChineseTextFlowLayoutUITests.swift */,
				1AEF1ACF23A3C5AB001B7FEF /* Info.plist */,
			);
			path = ChineseTextFlowLayoutUITests;
			sourceTree = "<group>";
		};
/* End PBXGroup section */

/* Begin PBXNativeTarget section */
		1AEF1AA923A3C5AA001B7FEF /* ChineseTextFlowLayout */ = {
			isa = PBXNativeTarget;
			buildConfigurationList = 1AEF1AD223A3C5AB001B7FEF /* Build configuration list for PBXNativeTarget "ChineseTextFlowLayout" */;
			buildPhases = (
				1AEF1AA623A3C5AA001B7FEF /* Sources */,
				1AEF1AA723A3C5AA001B7FEF /* Frameworks */,
				1AEF1AA823A3C5AA001B7FEF /* Resources */,
			);
			buildRules = (
			);
			dependencies = (
			);
			name = ChineseTextFlowLayout;
			productName = ChineseTextFlowLayout;
			productReference = 1AEF1AAA23A3C5AA001B7FEF /* ChineseTextFlowLayout.app */;
			productType = "com.apple.product-type.application";
		};
		1AEF1ABD23A3C5AB001B7FEF /* ChineseTextFlowLayoutTests */ = {
			isa = PBXNativeTarget;
			buildConfigurationList = 1AEF1AD523A3C5AB001B7FEF /* Build configuration list for PBXNativeTarget "ChineseTextFlowLayoutTests" */;
			buildPhases = (
				1AEF1ABA23A3C5AB001B7FEF /* Sources */,
				1AEF1ABB23A3C5AB001B7FEF /* Frameworks */,
				1AEF1ABC23A3C5AB001B7FEF /* Resources */,
			);
			buildRules = (
			);
			dependencies = (
				1AEF1AC023A3C5AB001B7FEF /* PBXTargetDependency */,
			);
			name = ChineseTextFlowLayoutTests;
			productName = ChineseTextFlowLayoutTests;
			productReference = 1AEF1ABE23A3C5AB001B7FEF /* ChineseTextFlowLayoutTests.xctest */;
			productType = "com.apple.product-type.bundle.unit-test";
		};
		1AEF1AC823A3C5AB001B7FEF /* ChineseTextFlowLayoutUITests */ = {
			isa = PBXNativeTarget;
			buildConfigurationList = 1AEF1AD823A3C5AB001B7FEF /* Build configuration list for PBXNativeTarget "ChineseTextFlowLayoutUITests" */;
			buildPhases = (
				1AEF1AC523A3C5AB001B7FEF /* Sources */,
				1AEF1AC623A3C5AB001B7FEF /* Frameworks */,
				1AEF1AC723A3C5AB001B7FEF /* Resources */,
			);
			buildRules = (
			);
			dependencies = (
				1AEF1ACB23A3C5AB001B7FEF /* PBXTargetDependency */,
			);
			name = ChineseTextFlowLayoutUITests;
			productName = ChineseTextFlowLayoutUITests;
			productReference = 1AEF1AC923A3C5AB001B7FEF /* ChineseTextFlowLayoutUITests.xctest */;
			productType = "com.apple.product-type.bundle.ui-testing";
		};
/* End PBXNativeTarget section */

/* Begin PBXProject section */
		1AEF1AA223A3C5A9001B7FEF /* Project object */ = {
			isa = PBXProject;
			attributes = {
				LastSwiftUpdateCheck = 1020;
				LastUpgradeCheck = 1020;
				ORGANIZATIONNAME = huangkun;
				TargetAttributes = {
					1AEF1AA923A3C5AA001B7FEF = {
						CreatedOnToolsVersion = 10.2;
					};
					1AEF1ABD23A3C5AB001B7FEF = {
						CreatedOnToolsVersion = 10.2;
						TestTargetID = 1AEF1AA923A3C5AA001B7FEF;
					};
					1AEF1AC823A3C5AB001B7FEF = {
						CreatedOnToolsVersion = 10.2;
						TestTargetID = 1AEF1AA923A3C5AA001B7FEF;
					};
				};
			};
			buildConfigurationList = 1AEF1AA523A3C5A9001B7FEF /* Build configuration list for PBXProject "ChineseTextFlowLayout" */;
			compatibilityVersion = "Xcode 9.3";
			developmentRegion = en;
			hasScannedForEncodings = 0;
			knownRegions = (
				en,
				Base,
			);
			mainGroup = 1AEF1AA123A3C5A9001B7FEF;
			productRefGroup = 1AEF1AAB23A3C5AA001B7FEF /* Products */;
			projectDirPath = "";
			projectRoot = "";
			targets = (
				1AEF1AA923A3C5AA001B7FEF /* ChineseTextFlowLayout */,
				1AEF1ABD23A3C5AB001B7FEF /* ChineseTextFlowLayoutTests */,
				1AEF1AC823A3C5AB001B7FEF /* ChineseTextFlowLayoutUITests */,
			);
		};
/* End PBXProject section */

/* Begin PBXResourcesBuildPhase section */
		1AEF1AA823A3C5AA001B7FEF /* Resources */ = {
			isa = PBXResourcesBuildPhase;
			buildActionMask = 2147483647;
			files = (
				1AEF1AB823A3C5AB001B7FEF /* LaunchScreen.storyboard in Resources */,
				1AEF1AB523A3C5AB001B7FEF /* Assets.xcassets in Resources */,
				1AEF1AB323A3C5AA001B7FEF /* Main.storyboard in Resources */,
				1A52172E23A4BB6900083664 /* demo.txt in Resources */,
			);
			runOnlyForDeploymentPostprocessing = 0;
		};
		1AEF1ABC23A3C5AB001B7FEF /* Resources */ = {
			isa = PBXResourcesBuildPhase;
			buildActionMask = 2147483647;
			files = (
			);
			runOnlyForDeploymentPostprocessing = 0;
		};
		1AEF1AC723A3C5AB001B7FEF /* Resources */ = {
			isa = PBXResourcesBuildPhase;
			buildActionMask = 2147483647;
			files = (
			);
			runOnlyForDeploymentPostprocessing = 0;
		};
/* End PBXResourcesBuildPhase section */

/* Begin PBXSourcesBuildPhase section */
		1AEF1AA623A3C5AA001B7FEF /* Sources */ = {
			isa = PBXSourcesBuildPhase;
			buildActionMask = 2147483647;
			files = (
				1AEF1AB023A3C5AA001B7FEF /* ViewController.swift in Sources */,
				1AEF1AAE23A3C5AA001B7FEF /* AppDelegate.swift in Sources */,
				1AEF1ADC23A3C608001B7FEF /* ChineseTextFlowLayout.swift in Sources */,
				1AEF1ADE23A3C67A001B7FEF /* LayoutNode.swift in Sources */,
				1A93C8F623A6346500BD059E /* StringComponents.swift in Sources */,
			);
			runOnlyForDeploymentPostprocessing = 0;
		};
		1AEF1ABA23A3C5AB001B7FEF /* Sources */ = {
			isa = PBXSourcesBuildPhase;
			buildActionMask = 2147483647;
			files = (
				1AEF1AC323A3C5AB001B7FEF /* ChineseTextFlowLayoutTests.swift in Sources */,
			);
			runOnlyForDeploymentPostprocessing = 0;
		};
		1AEF1AC523A3C5AB001B7FEF /* Sources */ = {
			isa = PBXSourcesBuildPhase;
			buildActionMask = 2147483647;
			files = (
				1AEF1ACE23A3C5AB001B7FEF /* ChineseTextFlowLayoutUITests.swift in Sources */,
			);
			runOnlyForDeploymentPostprocessing = 0;
		};
/* End PBXSourcesBuildPhase section */

/* Begin PBXTargetDependency section */
		1AEF1AC023A3C5AB001B7FEF /* PBXTargetDependency */ = {
			isa = PBXTargetDependency;
			target = 1AEF1AA923A3C5AA001B7FEF /* ChineseTextFlowLayout */;
			targetProxy = 1AEF1ABF23A3C5AB001B7FEF /* PBXContainerItemProxy */;
		};
		1AEF1ACB23A3C5AB001B7FEF /* PBXTargetDependency */ = {
			isa = PBXTargetDependency;
			target = 1AEF1AA923A3C5AA001B7FEF /* ChineseTextFlowLayout */;
			targetProxy = 1AEF1ACA23A3C5AB001B7FEF /* PBXContainerItemProxy */;
		};
/* End PBXTargetDependency section */

/* Begin PBXVariantGroup section */
		1AEF1AB123A3C5AA001B7FEF /* Main.storyboard */ = {
			isa = PBXVariantGroup;
			children = (
				1AEF1AB223A3C5AA001B7FEF /* Base */,
			);
			name = Main.storyboard;
			sourceTree = "<group>";
		};
		1AEF1AB623A3C5AB001B7FEF /* LaunchScreen.storyboard */ = {
			isa = PBXVariantGroup;
			children = (
				1AEF1AB723A3C5AB001B7FEF /* Base */,
			);
			name = LaunchScreen.storyboard;
			sourceTree = "<group>";
		};
/* End PBXVariantGroup section */

/* Begin XCBuildConfiguration section */
		1AEF1AD023A3C5AB001B7FEF /* Debug */ = {
			isa = XCBuildConfiguration;
			buildSettings = {
				ALWAYS_SEARCH_USER_PATHS = NO;
				CLANG_ANALYZER_NONNULL = YES;
				CLANG_ANALYZER_NUMBER_OBJECT_CONVERSION = YES_AGGRESSIVE;
				CLANG_CXX_LANGUAGE_STANDARD = "gnu++14";
				CLANG_CXX_LIBRARY = "libc++";
				CLANG_ENABLE_MODULES = YES;
				CLANG_ENABLE_OBJC_ARC = YES;
				CLANG_ENABLE_OBJC_WEAK = YES;
				CLANG_WARN_BLOCK_CAPTURE_AUTORELEASING = YES;
				CLANG_WARN_BOOL_CONVERSION = YES;
				CLANG_WARN_COMMA = YES;
				CLANG_WARN_CONSTANT_CONVERSION = YES;
				CLANG_WARN_DEPRECATED_OBJC_IMPLEMENTATIONS = YES;
				CLANG_WARN_DIRECT_OBJC_ISA_USAGE = YES_ERROR;
				CLANG_WARN_DOCUMENTATION_COMMENTS = YES;
				CLANG_WARN_EMPTY_BODY = YES;
				CLANG_WARN_ENUM_CONVERSION = YES;
				CLANG_WARN_INFINITE_RECURSION = YES;
				CLANG_WARN_INT_CONVERSION = YES;
				CLANG_WARN_NON_LITERAL_NULL_CONVERSION = YES;
				CLANG_WARN_OBJC_IMPLICIT_RETAIN_SELF = YES;
				CLANG_WARN_OBJC_LITERAL_CONVERSION = YES;
				CLANG_WARN_OBJC_ROOT_CLASS = YES_ERROR;
				CLANG_WARN_RANGE_LOOP_ANALYSIS = YES;
				CLANG_WARN_STRICT_PROTOTYPES = YES;
				CLANG_WARN_SUSPICIOUS_MOVE = YES;
				CLANG_WARN_UNGUARDED_AVAILABILITY = YES_AGGRESSIVE;
				CLANG_WARN_UNREACHABLE_CODE = YES;
				CLANG_WARN__DUPLICATE_METHOD_MATCH = YES;
				CODE_SIGN_IDENTITY = "iPhone Developer";
				COPY_PHASE_STRIP = NO;
				DEBUG_INFORMATION_FORMAT = dwarf;
				ENABLE_STRICT_OBJC_MSGSEND = YES;
				ENABLE_TESTABILITY = YES;
				GCC_C_LANGUAGE_STANDARD = gnu11;
				GCC_DYNAMIC_NO_PIC = NO;
				GCC_NO_COMMON_BLOCKS = YES;
				GCC_OPTIMIZATION_LEVEL = 0;
				GCC_PREPROCESSOR_DEFINITIONS = (
					"DEBUG=1",
					"$(inherited)",
				);
				GCC_WARN_64_TO_32_BIT_CONVERSION = YES;
				GCC_WARN_ABOUT_RETURN_TYPE = YES_ERROR;
				GCC_WARN_UNDECLARED_SELECTOR = YES;
				GCC_WARN_UNINITIALIZED_AUTOS = YES_AGGRESSIVE;
				GCC_WARN_UNUSED_FUNCTION = YES;
				GCC_WARN_UNUSED_VARIABLE = YES;
				IPHONEOS_DEPLOYMENT_TARGET = 12.2;
				MTL_ENABLE_DEBUG_INFO = INCLUDE_SOURCE;
				MTL_FAST_MATH = YES;
				ONLY_ACTIVE_ARCH = YES;
				SDKROOT = iphoneos;
				SWIFT_ACTIVE_COMPILATION_CONDITIONS = DEBUG;
				SWIFT_OPTIMIZATION_LEVEL = "-Onone";
			};
			name = Debug;
		};
		1AEF1AD123A3C5AB001B7FEF /* Release */ = {
			isa = XCBuildConfiguration;
			buildSettings = {
				ALWAYS_SEARCH_USER_PATHS = NO;
				CLANG_ANALYZER_NONNULL = YES;
				CLANG_ANALYZER_NUMBER_OBJECT_CONVERSION = YES_AGGRESSIVE;
				CLANG_CXX_LANGUAGE_STANDARD = "gnu++14";
				CLANG_CXX_LIBRARY = "libc++";
				CLANG_ENABLE_MODULES = YES;
				CLANG_ENABLE_OBJC_ARC = YES;
				CLANG_ENABLE_OBJC_WEAK = YES;
				CLANG_WARN_BLOCK_CAPTURE_AUTORELEASING = YES;
				CLANG_WARN_BOOL_CONVERSION = YES;
				CLANG_WARN_COMMA = YES;
				CLANG_WARN_CONSTANT_CONVERSION = YES;
				CLANG_WARN_DEPRECATED_OBJC_IMPLEMENTATIONS = YES;
				CLANG_WARN_DIRECT_OBJC_ISA_USAGE = YES_ERROR;
				CLANG_WARN_DOCUMENTATION_COMMENTS = YES;
				CLANG_WARN_EMPTY_BODY = YES;
				CLANG_WARN_ENUM_CONVERSION = YES;
				CLANG_WARN_INFINITE_RECURSION = YES;
				CLANG_WARN_INT_CONVERSION = YES;
				CLANG_WARN_NON_LITERAL_NULL_CONVERSION = YES;
				CLANG_WARN_OBJC_IMPLICIT_RETAIN_SELF = YES;
				CLANG_WARN_OBJC_LITERAL_CONVERSION = YES;
				CLANG_WARN_OBJC_ROOT_CLASS = YES_ERROR;
				CLANG_WARN_RANGE_LOOP_ANALYSIS = YES;
				CLANG_WARN_STRICT_PROTOTYPES = YES;
				CLANG_WARN_SUSPICIOUS_MOVE = YES;
				CLANG_WARN_UNGUARDED_AVAILABILITY = YES_AGGRESSIVE;
				CLANG_WARN_UNREACHABLE_CODE = YES;
				CLANG_WARN__DUPLICATE_METHOD_MATCH = YES;
				CODE_SIGN_IDENTITY = "iPhone Developer";
				COPY_PHASE_STRIP = NO;
				DEBUG_INFORMATION_FORMAT = "dwarf-with-dsym";
				ENABLE_NS_ASSERTIONS = NO;
				ENABLE_STRICT_OBJC_MSGSEND = YES;
				GCC_C_LANGUAGE_STANDARD = gnu11;
				GCC_NO_COMMON_BLOCKS = YES;
				GCC_WARN_64_TO_32_BIT_CONVERSION = YES;
				GCC_WARN_ABOUT_RETURN_TYPE = YES_ERROR;
				GCC_WARN_UNDECLARED_SELECTOR = YES;
				GCC_WARN_UNINITIALIZED_AUTOS = YES_AGGRESSIVE;
				GCC_WARN_UNUSED_FUNCTION = YES;
				GCC_WARN_UNUSED_VARIABLE = YES;
				IPHONEOS_DEPLOYMENT_TARGET = 12.2;
				MTL_ENABLE_DEBUG_INFO = NO;
				MTL_FAST_MATH = YES;
				SDKROOT = iphoneos;
				SWIFT_COMPILATION_MODE = wholemodule;
				SWIFT_OPTIMIZATION_LEVEL = "-O";
				VALIDATE_PRODUCT = YES;
			};
			name = Release;
		};
		1AEF1AD323A3C5AB001B7FEF /* Debug */ = {
			isa = XCBuildConfiguration;
			buildSettings = {
				ASSETCATALOG_COMPILER_APPICON_NAME = AppIcon;
				CODE_SIGN_STYLE = Automatic;
				DEVELOPMENT_TEAM = 3S67G6A35R;
				INFOPLIST_FILE = ChineseTextFlowLayout/Info.plist;
				IPHONEOS_DEPLOYMENT_TARGET = 11.0;
				LD_RUNPATH_SEARCH_PATHS = (
					"$(inherited)",
					"@executable_path/Frameworks",
				);
				PRODUCT_BUNDLE_IDENTIFIER = com.huangkun.ChineseTextFlowLayout;
				PRODUCT_NAME = "$(TARGET_NAME)";
				SWIFT_VERSION = 5.0;
				TARGETED_DEVICE_FAMILY = "1,2";
			};
			name = Debug;
		};
		1AEF1AD423A3C5AB001B7FEF /* Release */ = {
			isa = XCBuildConfiguration;
			buildSettings = {
				ASSETCATALOG_COMPILER_APPICON_NAME = AppIcon;
				CODE_SIGN_STYLE = Automatic;
				DEVELOPMENT_TEAM = 3S67G6A35R;
				INFOPLIST_FILE = ChineseTextFlowLayout/Info.plist;
				IPHONEOS_DEPLOYMENT_TARGET = 11.0;
				LD_RUNPATH_SEARCH_PATHS = (
					"$(inherited)",
					"@executable_path/Frameworks",
				);
				PRODUCT_BUNDLE_IDENTIFIER = com.huangkun.ChineseTextFlowLayout;
				PRODUCT_NAME = "$(TARGET_NAME)";
				SWIFT_VERSION = 5.0;
				TARGETED_DEVICE_FAMILY = "1,2";
			};
			name = Release;
		};
		1AEF1AD623A3C5AB001B7FEF /* Debug */ = {
			isa = XCBuildConfiguration;
			buildSettings = {
				ALWAYS_EMBED_SWIFT_STANDARD_LIBRARIES = YES;
				BUNDLE_LOADER = "$(TEST_HOST)";
				CODE_SIGN_STYLE = Automatic;
				DEVELOPMENT_TEAM = 3S67G6A35R;
				INFOPLIST_FILE = ChineseTextFlowLayoutTests/Info.plist;
				LD_RUNPATH_SEARCH_PATHS = (
					"$(inherited)",
					"@executable_path/Frameworks",
					"@loader_path/Frameworks",
				);
				PRODUCT_BUNDLE_IDENTIFIER = com.huangkun.ChineseTextFlowLayoutTests;
				PRODUCT_NAME = "$(TARGET_NAME)";
				SWIFT_VERSION = 5.0;
				TARGETED_DEVICE_FAMILY = "1,2";
				TEST_HOST = "$(BUILT_PRODUCTS_DIR)/ChineseTextFlowLayout.app/ChineseTextFlowLayout";
			};
			name = Debug;
		};
		1AEF1AD723A3C5AB001B7FEF /* Release */ = {
			isa = XCBuildConfiguration;
			buildSettings = {
				ALWAYS_EMBED_SWIFT_STANDARD_LIBRARIES = YES;
				BUNDLE_LOADER = "$(TEST_HOST)";
				CODE_SIGN_STYLE = Automatic;
				DEVELOPMENT_TEAM = 3S67G6A35R;
				INFOPLIST_FILE = ChineseTextFlowLayoutTests/Info.plist;
				LD_RUNPATH_SEARCH_PATHS = (
					"$(inherited)",
					"@executable_path/Frameworks",
					"@loader_path/Frameworks",
				);
				PRODUCT_BUNDLE_IDENTIFIER = com.huangkun.ChineseTextFlowLayoutTests;
				PRODUCT_NAME = "$(TARGET_NAME)";
				SWIFT_VERSION = 5.0;
				TARGETED_DEVICE_FAMILY = "1,2";
				TEST_HOST = "$(BUILT_PRODUCTS_DIR)/ChineseTextFlowLayout.app/ChineseTextFlowLayout";
			};
			name = Release;
		};
		1AEF1AD923A3C5AB001B7FEF /* Debug */ = {
			isa = XCBuildConfiguration;
			buildSettings = {
				ALWAYS_EMBED_SWIFT_STANDARD_LIBRARIES = YES;
				CODE_SIGN_STYLE = Automatic;
				DEVELOPMENT_TEAM = 3S67G6A35R;
				INFOPLIST_FILE = ChineseTextFlowLayoutUITests/Info.plist;
				LD_RUNPATH_SEARCH_PATHS = (
					"$(inherited)",
					"@executable_path/Frameworks",
					"@loader_path/Frameworks",
				);
				PRODUCT_BUNDLE_IDENTIFIER = com.huangkun.ChineseTextFlowLayoutUITests;
				PRODUCT_NAME = "$(TARGET_NAME)";
				SWIFT_VERSION = 5.0;
				TARGETED_DEVICE_FAMILY = "1,2";
				TEST_TARGET_NAME = ChineseTextFlowLayout;
			};
			name = Debug;
		};
		1AEF1ADA23A3C5AB001B7FEF /* Release */ = {
			isa = XCBuildConfiguration;
			buildSettings = {
				ALWAYS_EMBED_SWIFT_STANDARD_LIBRARIES = YES;
				CODE_SIGN_STYLE = Automatic;
				DEVELOPMENT_TEAM = 3S67G6A35R;
				INFOPLIST_FILE = ChineseTextFlowLayoutUITests/Info.plist;
				LD_RUNPATH_SEARCH_PATHS = (
					"$(inherited)",
					"@executable_path/Frameworks",
					"@loader_path/Frameworks",
				);
				PRODUCT_BUNDLE_IDENTIFIER = com.huangkun.ChineseTextFlowLayoutUITests;
				PRODUCT_NAME = "$(TARGET_NAME)";
				SWIFT_VERSION = 5.0;
				TARGETED_DEVICE_FAMILY = "1,2";
				TEST_TARGET_NAME = ChineseTextFlowLayout;
			};
			name = Release;
		};
/* End XCBuildConfiguration section */

/* Begin XCConfigurationList section */
		1AEF1AA523A3C5A9001B7FEF /* Build configuration list for PBXProject "ChineseTextFlowLayout" */ = {
			isa = XCConfigurationList;
			buildConfigurations = (
				1AEF1AD023A3C5AB001B7FEF /* Debug */,
				1AEF1AD123A3C5AB001B7FEF /* Release */,
			);
			defaultConfigurationIsVisible = 0;
			defaultConfigurationName = Release;
		};
		1AEF1AD223A3C5AB001B7FEF /* Build configuration list for PBXNativeTarget "ChineseTextFlowLayout" */ = {
			isa = XCConfigurationList;
			buildConfigurations = (
				1AEF1AD323A3C5AB001B7FEF /* Debug */,
				1AEF1AD423A3C5AB001B7FEF /* Release */,
			);
			defaultConfigurationIsVisible = 0;
			defaultConfigurationName = Release;
		};
		1AEF1AD523A3C5AB001B7FEF /* Build configuration list for PBXNativeTarget "ChineseTextFlowLayoutTests" */ = {
			isa = XCConfigurationList;
			buildConfigurations = (
				1AEF1AD623A3C5AB001B7FEF /* Debug */,
				1AEF1AD723A3C5AB001B7FEF /* Release */,
			);
			defaultConfigurationIsVisible = 0;
			defaultConfigurationName = Release;
		};
		1AEF1AD823A3C5AB001B7FEF /* Build configuration list for PBXNativeTarget "ChineseTextFlowLayoutUITests" */ = {
			isa = XCConfigurationList;
			buildConfigurations = (
				1AEF1AD923A3C5AB001B7FEF /* Debug */,
				1AEF1ADA23A3C5AB001B7FEF /* Release */,
			);
			defaultConfigurationIsVisible = 0;
			defaultConfigurationName = Release;
		};
/* End XCConfigurationList section */
	};
	rootObject = 1AEF1AA223A3C5A9001B7FEF /* Project object */;
}
